
Microsoft Visual Studio Solution File, Format Version 12.00
# Visual Studio Version 17
VisualStudioVersion = 17.8.34330.188
MinimumVisualStudioVersion = 10.0.40219.1
Project("{FAE04EC0-301F-11D3-BF4B-00C04F79EFBC}") = "Compte_Bancaire", "Compte_Bancaire.csproj", "{F5BAE88B-0C3C-4DAF-AC62-341EC5FD0CF7}"
EndProject
Global
	GlobalSection(SolutionConfigurationPlatforms) = preSolution
		Debug|Any CPU = Debug|Any CPU
		Release|Any CPU = Release|Any CPU
	EndGlobalSection
	GlobalSection(ProjectConfigurationPlatforms) = postSolution
		{F5BAE88B-0C3C-4DAF-AC62-341EC5FD0CF7}.Debug|Any CPU.ActiveCfg = Debug|Any CPU
		{F5BAE88B-0C3C-4DAF-AC62-341EC5FD0CF7}.Debug|Any CPU.Build.0 = Debug|Any CPU
		{F5BAE88B-0C3C-4DAF-AC62-341EC5FD0CF7}.Release|Any CPU.ActiveCfg = Release|Any CPU
		{F5BAE88B-0C3C-4DAF-AC62-341EC5FD0CF7}.Release|Any CPU.Build.0 = Release|Any CPU
	EndGlobalSection
	GlobalSection(SolutionProperties) = preSolution
		HideSolutionNode = FALSE
	EndGlobalSection
	GlobalSection(ExtensibilityGlobals) = postSolution
		SolutionGuid = {A68BA272-39DB-447C-9FB5-98E427F455F3}
	EndGlobalSection
EndGlobal
